
Microsoft Visual Studio Solution File, Format Version 12.00
# Visual Studio Version 16
VisualStudioVersion = 16.0.29215.179
MinimumVisualStudioVersion = 10.0.40219.1
Project("{FAE04EC0-301F-11D3-BF4B-00C04F79EFBC}") = "SuchAutoClicker", "SuchAutoClicker\SuchAutoClicker.csproj", "{277F7BCF-A18E-436C-9131-686CF1607CA6}"
EndProject
Global
	GlobalSection(SolutionConfigurationPlatforms) = preSolution
		Debug|Any CPU = Debug|Any CPU
		Release|Any CPU = Release|Any CPU
	EndGlobalSection
	GlobalSection(ProjectConfigurationPlatforms) = postSolution
		{277F7BCF-A18E-436C-9131-686CF1607CA6}.Debug|Any CPU.ActiveCfg = Debug|Any CPU
		{277F7BCF-A18E-436C-9131-686CF1607CA6}.Debug|Any CPU.Build.0 = Debug|Any CPU
		{277F7BCF-A18E-436C-9131-686CF1607CA6}.Release|Any CPU.ActiveCfg = Release|Any CPU
		{277F7BCF-A18E-436C-9131-686CF1607CA6}.Release|Any CPU.Build.0 = Release|Any CPU
	EndGlobalSection
	GlobalSection(SolutionProperties) = preSolution
		HideSolutionNode = FALSE
	EndGlobalSection
	GlobalSection(ExtensibilityGlobals) = postSolution
		SolutionGuid = {A2C6162F-22B7-4A2D-B1B1-75E3198FED58}
	EndGlobalSection
EndGlobal
